{
  "name": "npm_test",
  "version": "1.1.0",
  "lockfileVersion": 2,
  "requires": true,
  "packages": {
    "": {
      "name": "npm_test",
      "version": "1.1.0",
      "license": "ISC",
      "workspaces": [
        "foo",
        "./bar",
        "baz",
        "spam-packages/spam",
        "eggs-packages/*"
      ]
    },
    "bar": {
      "version": "1.0.0",
      "license": "ISC",
      "dependencies": {
        "uuid": "^9.0.0"
      }
    },
    "baz": {
      "name": "not-baz",
      "version": "1.0.0",
      "license": "ISC",
      "dependencies": {
        "dateformat": "^5.0.3"
      }
    },
    "eggs-packages/eggs": {
      "version": "1.0.0",
      "license": "ISC",
      "dependencies": {
        "classnames": "^2.3.2"
      }
    },
    "foo": {
      "version": "1.0.0",
      "license": "ISC",
      "dependencies": {
        "abbrev": "^2.0.0"
      }
    },
    "node_modules/abbrev": {
      "version": "2.0.0",
      "resolved": "https://registry.npmjs.org/abbrev/-/abbrev-2.0.0.tgz",
      "integrity": "sha512-6/mh1E2u2YgEsCHdY0Yx5oW+61gZU+1vXaoiHHrpKeuRNNgFvS+/jrwHiQhB5apAf5oB7UB7E19ol2R2LKH8hQ==",
      "engines": {
        "node": "^14.17.0 || ^16.13.0 || >=18.0.0"
      }
    },
    "node_modules/bar": {
      "resolved": "bar",
      "link": true
    },
    "node_modules/classnames": {
      "version": "2.3.2",
      "resolved": "https://registry.npmjs.org/classnames/-/classnames-2.3.2.tgz",
      "integrity": "sha512-CSbhY4cFEJRe6/GQzIk5qXZ4Jeg5pcsP7b5peFSDpffpe1cqjASH/n9UTjBwOp6XpMSTwQ8Za2K5V02ueA7Tmw=="
    },
    "node_modules/colors": {
      "version": "1.4.0",
      "resolved": "https://registry.npmjs.org/colors/-/colors-1.4.0.tgz",
      "integrity": "sha512-a+UqTh4kgZg/SlGvfbzDHpgRu7AAQOmmqRHJnxhRZICKFUT91brVhNNt58CMWU9PsBbv3PDCZUHbVxuDiH2mtA==",
      "engines": {
        "node": ">=0.1.90"
      }
    },
    "node_modules/dateformat": {
      "version": "5.0.3",
      "resolved": "https://registry.npmjs.org/dateformat/-/dateformat-5.0.3.tgz",
      "integrity": "sha512-Kvr6HmPXUMerlLcLF+Pwq3K7apHpYmGDVqrxcDasBg86UcKeTSNWbEzU8bwdXnxnR44FtMhJAxI4Bov6Y/KUfA==",
      "engines": {
        "node": ">=12.20"
      }
    },
    "node_modules/eggs": {
      "resolved": "eggs-packages/eggs",
      "link": true
    },
    "node_modules/foo": {
      "resolved": "foo",
      "link": true
    },
    "node_modules/not-baz": {
      "resolved": "baz",
      "link": true
    },
    "node_modules/spam": {
      "resolved": "spam-packages/spam",
      "link": true
    },
    "node_modules/uuid": {
      "version": "9.0.0",
      "resolved": "https://registry.npmjs.org/uuid/-/uuid-9.0.0.tgz",
      "integrity": "sha512-MXcSTerfPa4uqyzStbRoTgt5XIe3x5+42+q1sDuy3R5MDk66URdLMOZe5aPX/SQd+kuYAh0FdP/pO28IkQyTeg==",
      "bin": {
        "uuid": "dist/bin/uuid"
      }
    },
    "spam-packages/spam": {
      "version": "1.0.0",
      "license": "ISC",
      "dependencies": {
        "colors": "^1.4.0"
      }
    }
  },
  "dependencies": {
    "abbrev": {
      "version": "2.0.0",
      "resolved": "https://registry.npmjs.org/abbrev/-/abbrev-2.0.0.tgz",
      "integrity": "sha512-6/mh1E2u2YgEsCHdY0Yx5oW+61gZU+1vXaoiHHrpKeuRNNgFvS+/jrwHiQhB5apAf5oB7UB7E19ol2R2LKH8hQ=="
    },
    "bar": {
      "version": "file:bar",
      "requires": {
        "uuid": "^9.0.0"
      }
    },
    "classnames": {
      "version": "2.3.2",
      "resolved": "https://registry.npmjs.org/classnames/-/classnames-2.3.2.tgz",
      "integrity": "sha512-CSbhY4cFEJRe6/GQzIk5qXZ4Jeg5pcsP7b5peFSDpffpe1cqjASH/n9UTjBwOp6XpMSTwQ8Za2K5V02ueA7Tmw=="
    },
    "colors": {
      "version": "1.4.0",
      "resolved": "https://registry.npmjs.org/colors/-/colors-1.4.0.tgz",
      "integrity": "sha512-a+UqTh4kgZg/SlGvfbzDHpgRu7AAQOmmqRHJnxhRZICKFUT91brVhNNt58CMWU9PsBbv3PDCZUHbVxuDiH2mtA=="
    },
    "dateformat": {
      "version": "5.0.3",
      "resolved": "https://registry.npmjs.org/dateformat/-/dateformat-5.0.3.tgz",
      "integrity": "sha512-Kvr6HmPXUMerlLcLF+Pwq3K7apHpYmGDVqrxcDasBg86UcKeTSNWbEzU8bwdXnxnR44FtMhJAxI4Bov6Y/KUfA=="
    },
    "eggs": {
      "version": "file:eggs-packages/eggs",
      "requires": {
        "classnames": "^2.3.2"
      }
    },
    "foo": {
      "version": "file:foo",
      "requires": {
        "abbrev": "^2.0.0"
      }
    },
    "not-baz": {
      "version": "file:baz",
      "requires": {
        "dateformat": "^5.0.3"
      }
    },
    "spam": {
      "version": "file:spam-packages/spam",
      "requires": {
        "colors": "^1.4.0"
      }
    },
    "uuid": {
      "version": "9.0.0",
      "resolved": "https://registry.npmjs.org/uuid/-/uuid-9.0.0.tgz",
      "integrity": "sha512-MXcSTerfPa4uqyzStbRoTgt5XIe3x5+42+q1sDuy3R5MDk66URdLMOZe5aPX/SQd+kuYAh0FdP/pO28IkQyTeg=="
    }
  }
}
